
Microsoft Visual Studio Solution File, Format Version 12.00
# Visual Studio Version 17
VisualStudioVersion = 17.13.35931.197
MinimumVisualStudioVersion = 10.0.40219.1
Project("{FAE04EC0-301F-11D3-BF4B-00C04F79EFBC}") = "RubikCubeSolution.Logic", "RubikCubeSolution.Logic\RubikCubeSolution.Logic.csproj", "{EFF31983-318F-4D8B-AC43-F4874635D70E}"
EndProject
Project("{FAE04EC0-301F-11D3-BF4B-00C04F79EFBC}") = "RubikCubeSolution.Web", "RubicCubeSolution.Web\RubikCubeSolution.Web.csproj", "{F1E7D3C6-4999-E95E-7114-9DD42E88A7DD}"
EndProject
Project("{FAE04EC0-301F-11D3-BF4B-00C04F79EFBC}") = "RubikCubeSolution.Tests", "RubikCubeSolution.Test\RubikCubeSolution.Tests.csproj", "{9FC969FB-28D3-4532-A3A6-BA4BBCAA953D}"
EndProject
Global
	GlobalSection(SolutionConfigurationPlatforms) = preSolution
		Debug|Any CPU = Debug|Any CPU
		Release|Any CPU = Release|Any CPU
	EndGlobalSection
	GlobalSection(ProjectConfigurationPlatforms) = postSolution
		{EFF31983-318F-4D8B-AC43-F4874635D70E}.Debug|Any CPU.ActiveCfg = Debug|Any CPU
		{EFF31983-318F-4D8B-AC43-F4874635D70E}.Debug|Any CPU.Build.0 = Debug|Any CPU
		{EFF31983-318F-4D8B-AC43-F4874635D70E}.Release|Any CPU.ActiveCfg = Release|Any CPU
		{EFF31983-318F-4D8B-AC43-F4874635D70E}.Release|Any CPU.Build.0 = Release|Any CPU
		{F1E7D3C6-4999-E95E-7114-9DD42E88A7DD}.Debug|Any CPU.ActiveCfg = Debug|Any CPU
		{F1E7D3C6-4999-E95E-7114-9DD42E88A7DD}.Debug|Any CPU.Build.0 = Debug|Any CPU
		{F1E7D3C6-4999-E95E-7114-9DD42E88A7DD}.Release|Any CPU.ActiveCfg = Release|Any CPU
		{F1E7D3C6-4999-E95E-7114-9DD42E88A7DD}.Release|Any CPU.Build.0 = Release|Any CPU
		{9FC969FB-28D3-4532-A3A6-BA4BBCAA953D}.Debug|Any CPU.ActiveCfg = Debug|Any CPU
		{9FC969FB-28D3-4532-A3A6-BA4BBCAA953D}.Debug|Any CPU.Build.0 = Debug|Any CPU
		{9FC969FB-28D3-4532-A3A6-BA4BBCAA953D}.Release|Any CPU.ActiveCfg = Release|Any CPU
		{9FC969FB-28D3-4532-A3A6-BA4BBCAA953D}.Release|Any CPU.Build.0 = Release|Any CPU
	EndGlobalSection
	GlobalSection(SolutionProperties) = preSolution
		HideSolutionNode = FALSE
	EndGlobalSection
	GlobalSection(ExtensibilityGlobals) = postSolution
		SolutionGuid = {DC4A14E1-2AEF-47D8-BD56-07A7AE4F0FE8}
	EndGlobalSection
EndGlobal
